// !$*UTF8*$!
{
	archiveVersion = 1;
	classes = {
	};
	objectVersion = 46;
	objects = {

/* Begin PBXBuildFile section */
		737118621E1AEBA9009DE0D0 /* remove_all.png in Resources */ = {isa = PBXBuildFile; fileRef = 7371185F1E1AEBA9009DE0D0 /* remove_all.png */; };
		737118631E1AEBA9009DE0D0 /* start_timer.png in Resources */ = {isa = PBXBuildFile; fileRef = 737118601E1AEBA9009DE0D0 /* start_timer.png */; };
		737118641E1AEBA9009DE0D0 /* stop_timer.png in Resources */ = {isa = PBXBuildFile; fileRef = 737118611E1AEBA9009DE0D0 /* stop_timer.png */; };
		737118661E1AEBBF009DE0D0 /* new_laps.png in Resources */ = {isa = PBXBuildFile; fileRef = 737118651E1AEBBF009DE0D0 /* new_laps.png */; };
		737118681E1B91E7009DE0D0 /* LapsTVC.swift in Sources */ = {isa = PBXBuildFile; fileRef = 737118671E1B91E7009DE0D0 /* LapsTVC.swift */; };
		73C8D5A11E18463500C8EB4C /* AppDelegate.swift in Sources */ = {isa = PBXBuildFile; fileRef = 73C8D5A01E18463500C8EB4C /* AppDelegate.swift */; };
		73C8D5A31E18463500C8EB4C /* ViewController.swift in Sources */ = {isa = PBXBuildFile; fileRef = 73C8D5A21E18463500C8EB4C /* ViewController.swift */; };
		73C8D5A61E18463500C8EB4C /* Main.storyboard in Resources */ = {isa = PBXBuildFile; fileRef = 73C8D5A41E18463500C8EB4C /* Main.storyboard */; };
		73C8D5A81E18463500C8EB4C /* Assets.xcassets in Resources */ = {isa = PBXBuildFile; fileRef = 73C8D5A71E18463500C8EB4C /* Assets.xcassets */; };
		73C8D5AB1E18463500C8EB4C /* LaunchScreen.storyboard in Resources */ = {isa = PBXBuildFile; fileRef = 73C8D5A91E18463500C8EB4C /* LaunchScreen.storyboard */; };
		73C8D5C51E1A647700C8EB4C /* ColorPalette.swift in Sources */ = {isa = PBXBuildFile; fileRef = 73C8D5C41E1A647700C8EB4C /* ColorPalette.swift */; };
/* End PBXBuildFile section */

/* Begin PBXFileReference section */
		7371185F1E1AEBA9009DE0D0 /* remove_all.png */ = {isa = PBXFileReference; lastKnownFileType = image.png; path = remove_all.png; sourceTree = "<group>"; };
		737118601E1AEBA9009DE0D0 /* start_timer.png */ = {isa = PBXFileReference; lastKnownFileType = image.png; path = start_timer.png; sourceTree = "<group>"; };
		737118611E1AEBA9009DE0D0 /* stop_timer.png */ = {isa = PBXFileReference; lastKnownFileType = image.png; path = stop_timer.png; sourceTree = "<group>"; };
		737118651E1AEBBF009DE0D0 /* new_laps.png */ = {isa = PBXFileReference; lastKnownFileType = image.png; path = new_laps.png; sourceTree = "<group>"; };
		737118671E1B91E7009DE0D0 /* LapsTVC.swift */ = {isa = PBXFileReference; fileEncoding = 4; lastKnownFileType = sourcecode.swift; path = LapsTVC.swift; sourceTree = "<group>"; };
		73C8D59D1E18463500C8EB4C /* CrossFitTimer.app */ = {isa = PBXFileReference; explicitFileType = wrapper.application; includeInIndex = 0; path = CrossFitTimer.app; sourceTree = BUILT_PRODUCTS_DIR; };
		73C8D5A01E18463500C8EB4C /* AppDelegate.swift */ = {isa = PBXFileReference; lastKnownFileType = sourcecode.swift; path = AppDelegate.swift; sourceTree = "<group>"; };
		73C8D5A21E18463500C8EB4C /* ViewController.swift */ = {isa = PBXFileReference; lastKnownFileType = sourcecode.swift; path = ViewController.swift; sourceTree = "<group>"; };
		73C8D5A51E18463500C8EB4C /* Base */ = {isa = PBXFileReference; lastKnownFileType = file.storyboard; name = Base; path = Base.lproj/Main.storyboard; sourceTree = "<group>"; };
		73C8D5A71E18463500C8EB4C /* Assets.xcassets */ = {isa = PBXFileReference; lastKnownFileType = folder.assetcatalog; path = Assets.xcassets; sourceTree = "<group>"; };
		73C8D5AA1E18463500C8EB4C /* Base */ = {isa = PBXFileReference; lastKnownFileType = file.storyboard; name = Base; path = Base.lproj/LaunchScreen.storyboard; sourceTree = "<group>"; };
		73C8D5AC1E18463500C8EB4C /* Info.plist */ = {isa = PBXFileReference; lastKnownFileType = text.plist.xml; path = Info.plist; sourceTree = "<group>"; };
		73C8D5B21E18474800C8EB4C /* Ubuntu-Bold.ttf */ = {isa = PBXFileReference; lastKnownFileType = file; path = "Ubuntu-Bold.ttf"; sourceTree = "<group>"; };
		73C8D5B51E18474800C8EB4C /* Ubuntu-Light.ttf */ = {isa = PBXFileReference; lastKnownFileType = file; path = "Ubuntu-Light.ttf"; sourceTree = "<group>"; };
		73C8D5B71E18474800C8EB4C /* Ubuntu-Medium.ttf */ = {isa = PBXFileReference; lastKnownFileType = file; path = "Ubuntu-Medium.ttf"; sourceTree = "<group>"; };
		73C8D5B91E18474800C8EB4C /* Ubuntu-Regular.ttf */ = {isa = PBXFileReference; lastKnownFileType = file; path = "Ubuntu-Regular.ttf"; sourceTree = "<group>"; };
		73C8D5C41E1A647700C8EB4C /* ColorPalette.swift */ = {isa = PBXFileReference; fileEncoding = 4; lastKnownFileType = sourcecode.swift; path = ColorPalette.swift; sourceTree = "<group>"; };
/* End PBXFileReference section */

/* Begin PBXFrameworksBuildPhase section */
		73C8D59A1E18463500C8EB4C /* Frameworks */ = {
			isa = PBXFrameworksBuildPhase;
			buildActionMask = 2147483647;
			files = (
			);
			runOnlyForDeploymentPostprocessing = 0;
		};
/* End PBXFrameworksBuildPhase section */

/* Begin PBXGroup section */
		73C8D5941E18463500C8EB4C = {
			isa = PBXGroup;
			children = (
				73C8D59F1E18463500C8EB4C /* CrossFitTimer */,
				73C8D59E1E18463500C8EB4C /* Products */,
			);
			sourceTree = "<group>";
		};
		73C8D59E1E18463500C8EB4C /* Products */ = {
			isa = PBXGroup;
			children = (
				73C8D59D1E18463500C8EB4C /* CrossFitTimer.app */,
			);
			name = Products;
			sourceTree = "<group>";
		};
		73C8D59F1E18463500C8EB4C /* CrossFitTimer */ = {
			isa = PBXGroup;
			children = (
				73C8D5BB1E18499A00C8EB4C /* button_images */,
				73C8D5BA1E18475000C8EB4C /* fonts */,
				73C8D5A01E18463500C8EB4C /* AppDelegate.swift */,
				73C8D5C41E1A647700C8EB4C /* ColorPalette.swift */,
				73C8D5A21E18463500C8EB4C /* ViewController.swift */,
				737118671E1B91E7009DE0D0 /* LapsTVC.swift */,
				73C8D5A41E18463500C8EB4C /* Main.storyboard */,
				73C8D5A71E18463500C8EB4C /* Assets.xcassets */,
				73C8D5A91E18463500C8EB4C /* LaunchScreen.storyboard */,
				73C8D5AC1E18463500C8EB4C /* Info.plist */,
			);
			path = CrossFitTimer;
			sourceTree = "<group>";
		};
		73C8D5BA1E18475000C8EB4C /* fonts */ = {
			isa = PBXGroup;
			children = (
				73C8D5B21E18474800C8EB4C /* Ubuntu-Bold.ttf */,
				73C8D5B51E18474800C8EB4C /* Ubuntu-Light.ttf */,
				73C8D5B71E18474800C8EB4C /* Ubuntu-Medium.ttf */,
				73C8D5B91E18474800C8EB4C /* Ubuntu-Regular.ttf */,
			);
			name = fonts;
			sourceTree = "<group>";
		};
		73C8D5BB1E18499A00C8EB4C /* button_images */ = {
			isa = PBXGroup;
			children = (
				7371185F1E1AEBA9009DE0D0 /* remove_all.png */,
				737118601E1AEBA9009DE0D0 /* start_timer.png */,
				737118611E1AEBA9009DE0D0 /* stop_timer.png */,
				737118651E1AEBBF009DE0D0 /* new_laps.png */,
			);
			name = button_images;
			sourceTree = "<group>";
		};
/* End PBXGroup section */

/* Begin PBXNativeTarget section */
		73C8D59C1E18463500C8EB4C /* CrossFitTimer */ = {
			isa = PBXNativeTarget;
			buildConfigurationList = 73C8D5AF1E18463500C8EB4C /* Build configuration list for PBXNativeTarget "CrossFitTimer" */;
			buildPhases = (
				73C8D5991E18463500C8EB4C /* Sources */,
				73C8D59A1E18463500C8EB4C /* Frameworks */,
				73C8D59B1E18463500C8EB4C /* Resources */,
			);
			buildRules = (
			);
			dependencies = (
			);
			name = CrossFitTimer;
			productName = CrossFitTimer;
			productReference = 73C8D59D1E18463500C8EB4C /* CrossFitTimer.app */;
			productType = "com.apple.product-type.application";
		};
/* End PBXNativeTarget section */

/* Begin PBXProject section */
		73C8D5951E18463500C8EB4C /* Project object */ = {
			isa = PBXProject;
			attributes = {
				LastSwiftUpdateCheck = 0820;
				LastUpgradeCheck = 0820;
				ORGANIZATIONNAME = "Pavel Anpleenko";
				TargetAttributes = {
					73C8D59C1E18463500C8EB4C = {
						CreatedOnToolsVersion = 8.2;
						DevelopmentTeam = 9T23CDVWRT;
						ProvisioningStyle = Automatic;
					};
				};
			};
			buildConfigurationList = 73C8D5981E18463500C8EB4C /* Build configuration list for PBXProject "CrossFitTimer" */;
			compatibilityVersion = "Xcode 3.2";
			developmentRegion = English;
			hasScannedForEncodings = 0;
			knownRegions = (
				en,
				Base,
			);
			mainGroup = 73C8D5941E18463500C8EB4C;
			productRefGroup = 73C8D59E1E18463500C8EB4C /* Products */;
			projectDirPath = "";
			projectRoot = "";
			targets = (
				73C8D59C1E18463500C8EB4C /* CrossFitTimer */,
			);
		};
/* End PBXProject section */

/* Begin PBXResourcesBuildPhase section */
		73C8D59B1E18463500C8EB4C /* Resources */ = {
			isa = PBXResourcesBuildPhase;
			buildActionMask = 2147483647;
			files = (
				73C8D5AB1E18463500C8EB4C /* LaunchScreen.storyboard in Resources */,
				73C8D5A81E18463500C8EB4C /* Assets.xcassets in Resources */,
				737118631E1AEBA9009DE0D0 /* start_timer.png in Resources */,
				737118661E1AEBBF009DE0D0 /* new_laps.png in Resources */,
				73C8D5A61E18463500C8EB4C /* Main.storyboard in Resources */,
				737118641E1AEBA9009DE0D0 /* stop_timer.png in Resources */,
				737118621E1AEBA9009DE0D0 /* remove_all.png in Resources */,
			);
			runOnlyForDeploymentPostprocessing = 0;
		};
/* End PBXResourcesBuildPhase section */

/* Begin PBXSourcesBuildPhase section */
		73C8D5991E18463500C8EB4C /* Sources */ = {
			isa = PBXSourcesBuildPhase;
			buildActionMask = 2147483647;
			files = (
				73C8D5A31E18463500C8EB4C /* ViewController.swift in Sources */,
				737118681E1B91E7009DE0D0 /* LapsTVC.swift in Sources */,
				73C8D5A11E18463500C8EB4C /* AppDelegate.swift in Sources */,
				73C8D5C51E1A647700C8EB4C /* ColorPalette.swift in Sources */,
			);
			runOnlyForDeploymentPostprocessing = 0;
		};
/* End PBXSourcesBuildPhase section */

/* Begin PBXVariantGroup section */
		73C8D5A41E18463500C8EB4C /* Main.storyboard */ = {
			isa = PBXVariantGroup;
			children = (
				73C8D5A51E18463500C8EB4C /* Base */,
			);
			name = Main.storyboard;
			sourceTree = "<group>";
		};
		73C8D5A91E18463500C8EB4C /* LaunchScreen.storyboard */ = {
			isa = PBXVariantGroup;
			children = (
				73C8D5AA1E18463500C8EB4C /* Base */,
			);
			name = LaunchScreen.storyboard;
			sourceTree = "<group>";
		};
/* End PBXVariantGroup section */

/* Begin XCBuildConfiguration section */
		73C8D5AD1E18463500C8EB4C /* Debug */ = {
			isa = XCBuildConfiguration;
			buildSettings = {
				ALWAYS_SEARCH_USER_PATHS = NO;
				CLANG_ANALYZER_NONNULL = YES;
				CLANG_CXX_LANGUAGE_STANDARD = "gnu++0x";
				CLANG_CXX_LIBRARY = "libc++";
				CLANG_ENABLE_MODULES = YES;
				CLANG_ENABLE_OBJC_ARC = YES;
				CLANG_WARN_BOOL_CONVERSION = YES;
				CLANG_WARN_CONSTANT_CONVERSION = YES;
				CLANG_WARN_DIRECT_OBJC_ISA_USAGE = YES_ERROR;
				CLANG_WARN_DOCUMENTATION_COMMENTS = YES;
				CLANG_WARN_EMPTY_BODY = YES;
				CLANG_WARN_ENUM_CONVERSION = YES;
				CLANG_WARN_INFINITE_RECURSION = YES;
				CLANG_WARN_INT_CONVERSION = YES;
				CLANG_WARN_OBJC_ROOT_CLASS = YES_ERROR;
				CLANG_WARN_SUSPICIOUS_MOVE = YES;
				CLANG_WARN_UNREACHABLE_CODE = YES;
				CLANG_WARN__DUPLICATE_METHOD_MATCH = YES;
				"CODE_SIGN_IDENTITY[sdk=iphoneos*]" = "iPhone Developer";
				COPY_PHASE_STRIP = NO;
				DEBUG_INFORMATION_FORMAT = dwarf;
				ENABLE_STRICT_OBJC_MSGSEND = YES;
				ENABLE_TESTABILITY = YES;
				GCC_C_LANGUAGE_STANDARD = gnu99;
				GCC_DYNAMIC_NO_PIC = NO;
				GCC_NO_COMMON_BLOCKS = YES;
				GCC_OPTIMIZATION_LEVEL = 0;
				GCC_PREPROCESSOR_DEFINITIONS = (
					"DEBUG=1",
					"$(inherited)",
				);
				GCC_WARN_64_TO_32_BIT_CONVERSION = YES;
				GCC_WARN_ABOUT_RETURN_TYPE = YES_ERROR;
				GCC_WARN_UNDECLARED_SELECTOR = YES;
				GCC_WARN_UNINITIALIZED_AUTOS = YES_AGGRESSIVE;
				GCC_WARN_UNUSED_FUNCTION = YES;
				GCC_WARN_UNUSED_VARIABLE = YES;
				IPHONEOS_DEPLOYMENT_TARGET = 10.2;
				MTL_ENABLE_DEBUG_INFO = YES;
				ONLY_ACTIVE_ARCH = YES;
				SDKROOT = iphoneos;
				SWIFT_ACTIVE_COMPILATION_CONDITIONS = DEBUG;
				SWIFT_OPTIMIZATION_LEVEL = "-Onone";
			};
			name = Debug;
		};
		73C8D5AE1E18463500C8EB4C /* Release */ = {
			isa = XCBuildConfiguration;
			buildSettings = {
				ALWAYS_SEARCH_USER_PATHS = NO;
				CLANG_ANALYZER_NONNULL = YES;
				CLANG_CXX_LANGUAGE_STANDARD = "gnu++0x";
				CLANG_CXX_LIBRARY = "libc++";
				CLANG_ENABLE_MODULES = YES;
				CLANG_ENABLE_OBJC_ARC = YES;
				CLANG_WARN_BOOL_CONVERSION = YES;
				CLANG_WARN_CONSTANT_CONVERSION = YES;
				CLANG_WARN_DIRECT_OBJC_ISA_USAGE = YES_ERROR;
				CLANG_WARN_DOCUMENTATION_COMMENTS = YES;
				CLANG_WARN_EMPTY_BODY = YES;
				CLANG_WARN_ENUM_CONVERSION = YES;
				CLANG_WARN_INFINITE_RECURSION = YES;
				CLANG_WARN_INT_CONVERSION = YES;
				CLANG_WARN_OBJC_ROOT_CLASS = YES_ERROR;
				CLANG_WARN_SUSPICIOUS_MOVE = YES;
				CLANG_WARN_UNREACHABLE_CODE = YES;
				CLANG_WARN__DUPLICATE_METHOD_MATCH = YES;
				"CODE_SIGN_IDENTITY[sdk=iphoneos*]" = "iPhone Developer";
				COPY_PHASE_STRIP = NO;
				DEBUG_INFORMATION_FORMAT = "dwarf-with-dsym";
				ENABLE_NS_ASSERTIONS = NO;
				ENABLE_STRICT_OBJC_MSGSEND = YES;
				GCC_C_LANGUAGE_STANDARD = gnu99;
				GCC_NO_COMMON_BLOCKS = YES;
				GCC_WARN_64_TO_32_BIT_CONVERSION = YES;
				GCC_WARN_ABOUT_RETURN_TYPE = YES_ERROR;
				GCC_WARN_UNDECLARED_SELECTOR = YES;
				GCC_WARN_UNINITIALIZED_AUTOS = YES_AGGRESSIVE;
				GCC_WARN_UNUSED_FUNCTION = YES;
				GCC_WARN_UNUSED_VARIABLE = YES;
				IPHONEOS_DEPLOYMENT_TARGET = 10.2;
				MTL_ENABLE_DEBUG_INFO = NO;
				SDKROOT = iphoneos;
				SWIFT_OPTIMIZATION_LEVEL = "-Owholemodule";
				VALIDATE_PRODUCT = YES;
			};
			name = Release;
		};
		73C8D5B01E18463500C8EB4C /* Debug */ = {
			isa = XCBuildConfiguration;
			buildSettings = {
				ASSETCATALOG_COMPILER_APPICON_NAME = AppIcon;
				DEVELOPMENT_TEAM = 9T23CDVWRT;
				INFOPLIST_FILE = CrossFitTimer/Info.plist;
				LD_RUNPATH_SEARCH_PATHS = "$(inherited) @executable_path/Frameworks";
				PRODUCT_BUNDLE_IDENTIFIER = sswift.CrossFitTimer;
				PRODUCT_NAME = "$(TARGET_NAME)";
				SWIFT_VERSION = 3.0;
			};
			name = Debug;
		};
		73C8D5B11E18463500C8EB4C /* Release */ = {
			isa = XCBuildConfiguration;
			buildSettings = {
				ASSETCATALOG_COMPILER_APPICON_NAME = AppIcon;
				DEVELOPMENT_TEAM = 9T23CDVWRT;
				INFOPLIST_FILE = CrossFitTimer/Info.plist;
				LD_RUNPATH_SEARCH_PATHS = "$(inherited) @executable_path/Frameworks";
				PRODUCT_BUNDLE_IDENTIFIER = sswift.CrossFitTimer;
				PRODUCT_NAME = "$(TARGET_NAME)";
				SWIFT_VERSION = 3.0;
			};
			name = Release;
		};
/* End XCBuildConfiguration section */

/* Begin XCConfigurationList section */
		73C8D5981E18463500C8EB4C /* Build configuration list for PBXProject "CrossFitTimer" */ = {
			isa = XCConfigurationList;
			buildConfigurations = (
				73C8D5AD1E18463500C8EB4C /* Debug */,
				73C8D5AE1E18463500C8EB4C /* Release */,
			);
			defaultConfigurationIsVisible = 0;
			defaultConfigurationName = Release;
		};
		73C8D5AF1E18463500C8EB4C /* Build configuration list for PBXNativeTarget "CrossFitTimer" */ = {
			isa = XCConfigurationList;
			buildConfigurations = (
				73C8D5B01E18463500C8EB4C /* Debug */,
				73C8D5B11E18463500C8EB4C /* Release */,
			);
			defaultConfigurationIsVisible = 0;
			defaultConfigurationName = Release;
		};
/* End XCConfigurationList section */
	};
	rootObject = 73C8D5951E18463500C8EB4C /* Project object */;
}
